{
    "_meta": {
        "hash": {
            "sha256": "edf64e6eb8688fd17d3d5563171bc2e6bbea1ad23f85fbe874b6245d8c772b2f"
        },
        "pipfile-spec": 6,
        "requires": {
            "python_version": "3.7"
        },
        "sources": [
            {
                "name": "pypi",
                "url": "https://pypi.org/simple",
                "verify_ssl": true
            }
        ]
    },
    "default": {
        "appdirs": {
            "hashes": [
                "sha256:7d5d0167b2b1ba821647616af46a749d1c653740dd0d2415100fe26e27afdf41",
                "sha256:a841dacd6b99318a741b166adb07e19ee71a274450e68237b4650ca1055ab128"
            ],
            "version": "==1.4.4"
        },
        "backcall": {
            "hashes": [
                "sha256:5cbdbf27be5e7cfadb448baf0aa95508f91f2bbc6c6437cd9cd06e2a4c215e1e",
                "sha256:fbbce6a29f263178a1f7915c1940bde0ec2b2a967566fe1c65c1dfb7422bd255"
            ],
            "version": "==0.2.0"
        },
        "black": {
            "hashes": [
                "sha256:dc132348a88d103016726fe360cb9ede02cecf99b76e3660ce6c596be132ce04",
                "sha256:dfb8c5a069012b2ab1e972e7b908f5fb42b6bbabcba0a788b86dc05067c7d9c7"
            ],
            "index": "pypi",
            "version": "==21.6b0"
        },
        "click": {
            "hashes": [
                "sha256:8c04c11192119b1ef78ea049e0a6f0463e4c48ef00a30160c704337586f3ad7a",
                "sha256:fba402a4a47334742d782209a7c79bc448911afe1149d07bdabdf480b3e2f4b6"
            ],
            "markers": "python_version >= '3.6'",
            "version": "==8.0.1"
        },
        "decorator": {
            "hashes": [
                "sha256:6e5c199c16f7a9f0e3a61a4a54b3d27e7dad0dbdde92b944426cb20914376323",
                "sha256:72ecfba4320a893c53f9706bebb2d55c270c1e51a28789361aa93e4a21319ed5"
            ],
            "markers": "python_version >= '3.5'",
            "version": "==5.0.9"
        },
        "django": {
            "hashes": [
                "sha256:275bec66fd2588dd517ada59b8bfb23d4a9abc5a362349139ddda3c7ff6f5ade",
                "sha256:939652e9d34d7d53d74d5d8ef82a19e5f8bb2de75618f7e5360691b6e9667963"
            ],
            "index": "pypi",
            "version": "==2.1.7"
        },
        "importlib-metadata": {
            "hashes": [
                "sha256:4a5611fea3768d3d967c447ab4e93f567d95db92225b43b7b238dbfb855d70bb",
                "sha256:c6513572926a96458f8c8f725bf0e00108fba0c9583ade9bd15b869c9d726e33"
            ],
            "markers": "python_version < '3.8'",
            "version": "==4.6.0"
        },
        "ipython": {
            "hashes": [
                "sha256:54bbd1fe3882457aaf28ae060a5ccdef97f212a741754e420028d4ec5c2291dc",
                "sha256:aa21412f2b04ad1a652e30564fff6b4de04726ce875eab222c8430edc6db383a"
            ],
            "index": "pypi",
            "version": "==7.25.0"
        },
        "ipython-genutils": {
            "hashes": [
                "sha256:72dd37233799e619666c9f639a9da83c34013a73e8bbc79a7a6348d93c61fab8",
                "sha256:eb2e116e75ecef9d4d228fdc66af54269afa26ab4463042e33785b887c628ba8"
            ],
            "version": "==0.2.0"
        },
        "jedi": {
            "hashes": [
                "sha256:18456d83f65f400ab0c2d3319e48520420ef43b23a086fdc05dff34132f0fb93",
                "sha256:92550a404bad8afed881a137ec9a461fed49eca661414be45059329614ed0707"
            ],
            "markers": "python_version >= '3.6'",
            "version": "==0.18.0"
        },
        "matplotlib-inline": {
            "hashes": [
                "sha256:5cf1176f554abb4fa98cb362aa2b55c500147e4bdbb07e3fda359143e1da0811",
                "sha256:f41d5ff73c9f5385775d5c0bc13b424535c8402fe70ea8210f93e11f3683993e"
            ],
            "markers": "python_version >= '3.5'",
            "version": "==0.1.2"
        },
        "mypy-extensions": {
            "hashes": [
                "sha256:090fedd75945a69ae91ce1303b5824f428daf5a028d2f6ab8a299250a846f15d",
                "sha256:2d82818f5bb3e369420cb3c4060a7970edba416647068eb4c5343488a6c604a8"
            ],
            "version": "==0.4.3"
        },
        "parso": {
            "hashes": [
                "sha256:12b83492c6239ce32ff5eed6d3639d6a536170723c6f3f1506869f1ace413398",
                "sha256:a8c4922db71e4fdb90e0d0bc6e50f9b273d3397925e5e60a717e719201778d22"
            ],
            "markers": "python_version >= '3.6'",
            "version": "==0.8.2"
        },
        "pathspec": {
            "hashes": [
                "sha256:86379d6b86d75816baba717e64b1a3a3469deb93bb76d613c9ce79edc5cb68fd",
                "sha256:aa0cb481c4041bf52ffa7b0d8fa6cd3e88a2ca4879c533c9153882ee2556790d"
            ],
            "version": "==0.8.1"
        },
        "pexpect": {
            "hashes": [
                "sha256:0b48a55dcb3c05f3329815901ea4fc1537514d6ba867a152b581d69ae3710937",
                "sha256:fc65a43959d153d0114afe13997d439c22823a27cefceb5ff35c2178c6784c0c"
            ],
            "markers": "sys_platform != 'win32'",
            "version": "==4.8.0"
        },
        "pickleshare": {
            "hashes": [
                "sha256:87683d47965c1da65cdacaf31c8441d12b8044cdec9aca500cd78fc2c683afca",
                "sha256:9649af414d74d4df115d5d718f82acb59c9d418196b7b4290ed47a12ce62df56"
            ],
            "version": "==0.7.5"
        },
        "prompt-toolkit": {
            "hashes": [
                "sha256:08360ee3a3148bdb5163621709ee322ec34fc4375099afa4bbf751e9b7b7fa4f",
                "sha256:7089d8d2938043508aa9420ec18ce0922885304cddae87fb96eebca942299f88"
            ],
            "markers": "python_full_version >= '3.6.1'",
            "version": "==3.0.19"
        },
        "ptyprocess": {
            "hashes": [
                "sha256:4b41f3967fce3af57cc7e94b888626c18bf37a083e3651ca8feeb66d492fef35",
                "sha256:5c5d0a3b48ceee0b48485e0c26037c0acd7d29765ca3fbb5cb3831d347423220"
            ],
            "version": "==0.7.0"
        },
        "pygments": {
            "hashes": [
                "sha256:a18f47b506a429f6f4b9df81bb02beab9ca21d0a5fee38ed15aef65f0545519f",
                "sha256:d66e804411278594d764fc69ec36ec13d9ae9147193a1740cd34d272ca383b8e"
            ],
            "markers": "python_version >= '3.5'",
            "version": "==2.9.0"
        },
        "pytz": {
            "hashes": [
                "sha256:83a4a90894bf38e243cf052c8b58f381bfe9a7a483f6a9cab140bc7f702ac4da",
                "sha256:eb10ce3e7736052ed3623d49975ce333bcd712c7bb19a58b9e2089d4057d0798"
            ],
            "version": "==2021.1"
        },
        "regex": {
            "hashes": [
                "sha256:0e46c1191b2eb293a6912269ed08b4512e7e241bbf591f97e527492e04c77e93",
                "sha256:18040755606b0c21281493ec309214bd61e41a170509e5014f41d6a5a586e161",
                "sha256:1806370b2bef4d4193eebe8ee59a9fd7547836a34917b7badbe6561a8594d9cb",
                "sha256:1ccbd41dbee3a31e18938096510b7d4ee53aa9fce2ee3dcc8ec82ae264f6acfd",
                "sha256:1d386402ae7f3c9b107ae5863f7ecccb0167762c82a687ae6526b040feaa5ac6",
                "sha256:210c359e6ee5b83f7d8c529ba3c75ba405481d50f35a420609b0db827e2e3bb5",
                "sha256:268fe9dd1deb4a30c8593cabd63f7a241dfdc5bd9dd0233906c718db22cdd49a",
                "sha256:361be4d311ac995a8c7ad577025a3ae3a538531b1f2cf32efd8b7e5d33a13e5a",
                "sha256:3f7a92e60930f8fca2623d9e326c173b7cf2c8b7e4fdcf984b75a1d2fb08114d",
                "sha256:444723ebaeb7fa8125f29c01a31101a3854ac3de293e317944022ae5effa53a4",
                "sha256:494d0172774dc0beeea984b94c95389143db029575f7ca908edd74469321ea99",
                "sha256:4b1999ef60c45357598935c12508abf56edbbb9c380df6f336de38a6c3a294ae",
                "sha256:4fc86b729ab88fe8ac3ec92287df253c64aa71560d76da5acd8a2e245839c629",
                "sha256:5049d00dbb78f9d166d1c704e93934d42cce0570842bb1a61695123d6b01de09",
                "sha256:56bef6b414949e2c9acf96cb5d78de8b529c7b99752619494e78dc76f99fd005",
                "sha256:59845101de68fd5d3a1145df9ea022e85ecd1b49300ea68307ad4302320f6f61",
                "sha256:6b8b629f93246e507287ee07e26744beaffb4c56ed520576deac8b615bd76012",
                "sha256:6c72ebb72e64e9bd195cb35a9b9bbfb955fd953b295255b8ae3e4ad4a146b615",
                "sha256:7743798dfb573d006f1143d745bf17efad39775a5190b347da5d83079646be56",
                "sha256:78a2a885345a2d60b5e68099e877757d5ed12e46ba1e87507175f14f80892af3",
                "sha256:849802379a660206277675aa5a5c327f5c910c690649535863ddf329b0ba8c87",
                "sha256:8cf6728f89b071bd3ab37cb8a0e306f4de897553a0ed07442015ee65fbf53d62",
                "sha256:a1b6a3f600d6aff97e3f28c34192c9ed93fee293bd96ef327b64adb51a74b2f6",
                "sha256:a548bb51c4476332ce4139df8e637386730f79a92652a907d12c696b6252b64d",
                "sha256:a8a5826d8a1b64e2ff9af488cc179e1a4d0f144d11ce486a9f34ea38ccedf4ef",
                "sha256:b024ee43ee6b310fad5acaee23e6485b21468718cb792a9d1693eecacc3f0b7e",
                "sha256:b092754c06852e8a8b022004aff56c24b06310189186805800d09313c37ce1f8",
                "sha256:b1dbeef938281f240347d50f28ae53c4b046a23389cd1fc4acec5ea0eae646a1",
                "sha256:bf819c5b77ff44accc9a24e31f1f7ceaaf6c960816913ed3ef8443b9d20d81b6",
                "sha256:c11f2fca544b5e30a0e813023196a63b1cb9869106ef9a26e9dae28bce3e4e26",
                "sha256:ce269e903b00d1ab4746793e9c50a57eec5d5388681abef074d7b9a65748fca5",
                "sha256:d0cf2651a8804f6325747c7e55e3be0f90ee2848e25d6b817aa2728d263f9abb",
                "sha256:e07e92935040c67f49571779d115ecb3e727016d42fb36ee0d8757db4ca12ee0",
                "sha256:e80d2851109e56420b71f9702ad1646e2f0364528adbf6af85527bc61e49f394",
                "sha256:ed77b97896312bc2deafe137ca2626e8b63808f5bedb944f73665c68093688a7",
                "sha256:f32f47fb22c988c0b35756024b61d156e5c4011cb8004aa53d93b03323c45657",
                "sha256:fdad3122b69cdabdb3da4c2a4107875913ac78dab0117fc73f988ad589c66b66"
            ],
            "version": "==2021.7.1"
        },
        "toml": {
            "hashes": [
                "sha256:806143ae5bfb6a3c6e736a764057db0e6a0e05e338b5630894a5f779cabb4f9b",
                "sha256:b3bda1d108d5dd99f4a20d24d9c348e91c4db7ab1b749200bded2f839ccbe68f"
            ],
            "markers": "python_version >= '2.6' and python_version not in '3.0, 3.1, 3.2, 3.3'",
            "version": "==0.10.2"
        },
        "traitlets": {
            "hashes": [
                "sha256:178f4ce988f69189f7e523337a3e11d91c786ded9360174a3d9ca83e79bc5396",
                "sha256:69ff3f9d5351f31a7ad80443c2674b7099df13cc41fc5fa6e2f6d3b0330b0426"
            ],
            "markers": "python_version >= '3.7'",
            "version": "==5.0.5"
        },
        "typed-ast": {
            "hashes": [
                "sha256:01ae5f73431d21eead5015997ab41afa53aa1fbe252f9da060be5dad2c730ace",
                "sha256:067a74454df670dcaa4e59349a2e5c81e567d8d65458d480a5b3dfecec08c5ff",
                "sha256:0fb71b8c643187d7492c1f8352f2c15b4c4af3f6338f21681d3681b3dc31a266",
                "sha256:1b3ead4a96c9101bef08f9f7d1217c096f31667617b58de957f690c92378b528",
                "sha256:2068531575a125b87a41802130fa7e29f26c09a2833fea68d9a40cf33902eba6",
                "sha256:209596a4ec71d990d71d5e0d312ac935d86930e6eecff6ccc7007fe54d703808",
                "sha256:2c726c276d09fc5c414693a2de063f521052d9ea7c240ce553316f70656c84d4",
                "sha256:398e44cd480f4d2b7ee8d98385ca104e35c81525dd98c519acff1b79bdaac363",
                "sha256:52b1eb8c83f178ab787f3a4283f68258525f8d70f778a2f6dd54d3b5e5fb4341",
                "sha256:5feca99c17af94057417d744607b82dd0a664fd5e4ca98061480fd8b14b18d04",
                "sha256:7538e495704e2ccda9b234b82423a4038f324f3a10c43bc088a1636180f11a41",
                "sha256:760ad187b1041a154f0e4d0f6aae3e40fdb51d6de16e5c99aedadd9246450e9e",
                "sha256:777a26c84bea6cd934422ac2e3b78863a37017618b6e5c08f92ef69853e765d3",
                "sha256:95431a26309a21874005845c21118c83991c63ea800dd44843e42a916aec5899",
                "sha256:9ad2c92ec681e02baf81fdfa056fe0d818645efa9af1f1cd5fd6f1bd2bdfd805",
                "sha256:9c6d1a54552b5330bc657b7ef0eae25d00ba7ffe85d9ea8ae6540d2197a3788c",
                "sha256:aee0c1256be6c07bd3e1263ff920c325b59849dc95392a05f258bb9b259cf39c",
                "sha256:af3d4a73793725138d6b334d9d247ce7e5f084d96284ed23f22ee626a7b88e39",
                "sha256:b36b4f3920103a25e1d5d024d155c504080959582b928e91cb608a65c3a49e1a",
                "sha256:b9574c6f03f685070d859e75c7f9eeca02d6933273b5e69572e5ff9d5e3931c3",
                "sha256:bff6ad71c81b3bba8fa35f0f1921fb24ff4476235a6e94a26ada2e54370e6da7",
                "sha256:c190f0899e9f9f8b6b7863debfb739abcb21a5c054f911ca3596d12b8a4c4c7f",
                "sha256:c907f561b1e83e93fad565bac5ba9c22d96a54e7ea0267c708bffe863cbe4075",
                "sha256:cae53c389825d3b46fb37538441f75d6aecc4174f615d048321b716df2757fb0",
                "sha256:dd4a21253f42b8d2b48410cb31fe501d32f8b9fbeb1f55063ad102fe9c425e40",
                "sha256:dde816ca9dac1d9c01dd504ea5967821606f02e510438120091b84e852367428",
                "sha256:f2362f3cb0f3172c42938946dbc5b7843c2a28aec307c49100c8b38764eb6927",
                "sha256:f328adcfebed9f11301eaedfa48e15bdece9b519fb27e6a8c01aa52a17ec31b3",
                "sha256:f8afcf15cc511ada719a88e013cec87c11aff7b91f019295eb4530f96fe5ef2f",
                "sha256:fb1bbeac803adea29cedd70781399c99138358c26d05fcbd23c13016b7f5ec65"
            ],
            "markers": "python_version < '3.8'",
            "version": "==1.4.3"
        },
        "typing-extensions": {
            "hashes": [
                "sha256:0ac0f89795dd19de6b97debb0c6af1c70987fd80a2d62d1958f7e56fcc31b497",
                "sha256:50b6f157849174217d0656f99dc82fe932884fb250826c18350e159ec6cdf342",
                "sha256:779383f6086d90c99ae41cf0ff39aac8a7937a9283ce0a414e5dd782f4c94a84"
            ],
            "markers": "python_version < '3.8'",
            "version": "==3.10.0.0"
        },
        "wcwidth": {
            "hashes": [
                "sha256:beb4802a9cebb9144e99086eff703a642a13d6a0052920003a230f3294bbe784",
                "sha256:c4d647b99872929fdb7bdcaa4fbe7f01413ed3d98077df798530e5b04f116c83"
            ],
            "version": "==0.2.5"
        },
        "zipp": {
            "hashes": [
                "sha256:957cfda87797e389580cb8b9e3870841ca991e2125350677b2ca83a0e99390a3",
                "sha256:f5812b1e007e48cff63449a5e9f4e7ebea716b4111f9c4f9a645f91d579bf0c4"
            ],
            "markers": "python_version >= '3.6'",
            "version": "==3.5.0"
        }
    },
    "develop": {
        "appdirs": {
            "hashes": [
                "sha256:7d5d0167b2b1ba821647616af46a749d1c653740dd0d2415100fe26e27afdf41",
                "sha256:a841dacd6b99318a741b166adb07e19ee71a274450e68237b4650ca1055ab128"
            ],
            "version": "==1.4.4"
        },
        "black": {
            "hashes": [
                "sha256:dc132348a88d103016726fe360cb9ede02cecf99b76e3660ce6c596be132ce04",
                "sha256:dfb8c5a069012b2ab1e972e7b908f5fb42b6bbabcba0a788b86dc05067c7d9c7"
            ],
            "index": "pypi",
            "version": "==21.6b0"
        },
        "click": {
            "hashes": [
                "sha256:8c04c11192119b1ef78ea049e0a6f0463e4c48ef00a30160c704337586f3ad7a",
                "sha256:fba402a4a47334742d782209a7c79bc448911afe1149d07bdabdf480b3e2f4b6"
            ],
            "markers": "python_version >= '3.6'",
            "version": "==8.0.1"
        },
        "importlib-metadata": {
            "hashes": [
                "sha256:4a5611fea3768d3d967c447ab4e93f567d95db92225b43b7b238dbfb855d70bb",
                "sha256:c6513572926a96458f8c8f725bf0e00108fba0c9583ade9bd15b869c9d726e33"
            ],
            "markers": "python_version < '3.8'",
            "version": "==4.6.0"
        },
        "mypy-extensions": {
            "hashes": [
                "sha256:090fedd75945a69ae91ce1303b5824f428daf5a028d2f6ab8a299250a846f15d",
                "sha256:2d82818f5bb3e369420cb3c4060a7970edba416647068eb4c5343488a6c604a8"
            ],
            "version": "==0.4.3"
        },
        "pathspec": {
            "hashes": [
                "sha256:86379d6b86d75816baba717e64b1a3a3469deb93bb76d613c9ce79edc5cb68fd",
                "sha256:aa0cb481c4041bf52ffa7b0d8fa6cd3e88a2ca4879c533c9153882ee2556790d"
            ],
            "version": "==0.8.1"
        },
        "regex": {
            "hashes": [
                "sha256:0e46c1191b2eb293a6912269ed08b4512e7e241bbf591f97e527492e04c77e93",
                "sha256:18040755606b0c21281493ec309214bd61e41a170509e5014f41d6a5a586e161",
                "sha256:1806370b2bef4d4193eebe8ee59a9fd7547836a34917b7badbe6561a8594d9cb",
                "sha256:1ccbd41dbee3a31e18938096510b7d4ee53aa9fce2ee3dcc8ec82ae264f6acfd",
                "sha256:1d386402ae7f3c9b107ae5863f7ecccb0167762c82a687ae6526b040feaa5ac6",
                "sha256:210c359e6ee5b83f7d8c529ba3c75ba405481d50f35a420609b0db827e2e3bb5",
                "sha256:268fe9dd1deb4a30c8593cabd63f7a241dfdc5bd9dd0233906c718db22cdd49a",
                "sha256:361be4d311ac995a8c7ad577025a3ae3a538531b1f2cf32efd8b7e5d33a13e5a",
                "sha256:3f7a92e60930f8fca2623d9e326c173b7cf2c8b7e4fdcf984b75a1d2fb08114d",
                "sha256:444723ebaeb7fa8125f29c01a31101a3854ac3de293e317944022ae5effa53a4",
                "sha256:494d0172774dc0beeea984b94c95389143db029575f7ca908edd74469321ea99",
                "sha256:4b1999ef60c45357598935c12508abf56edbbb9c380df6f336de38a6c3a294ae",
                "sha256:4fc86b729ab88fe8ac3ec92287df253c64aa71560d76da5acd8a2e245839c629",
                "sha256:5049d00dbb78f9d166d1c704e93934d42cce0570842bb1a61695123d6b01de09",
                "sha256:56bef6b414949e2c9acf96cb5d78de8b529c7b99752619494e78dc76f99fd005",
                "sha256:59845101de68fd5d3a1145df9ea022e85ecd1b49300ea68307ad4302320f6f61",
                "sha256:6b8b629f93246e507287ee07e26744beaffb4c56ed520576deac8b615bd76012",
                "sha256:6c72ebb72e64e9bd195cb35a9b9bbfb955fd953b295255b8ae3e4ad4a146b615",
                "sha256:7743798dfb573d006f1143d745bf17efad39775a5190b347da5d83079646be56",
                "sha256:78a2a885345a2d60b5e68099e877757d5ed12e46ba1e87507175f14f80892af3",
                "sha256:849802379a660206277675aa5a5c327f5c910c690649535863ddf329b0ba8c87",
                "sha256:8cf6728f89b071bd3ab37cb8a0e306f4de897553a0ed07442015ee65fbf53d62",
                "sha256:a1b6a3f600d6aff97e3f28c34192c9ed93fee293bd96ef327b64adb51a74b2f6",
                "sha256:a548bb51c4476332ce4139df8e637386730f79a92652a907d12c696b6252b64d",
                "sha256:a8a5826d8a1b64e2ff9af488cc179e1a4d0f144d11ce486a9f34ea38ccedf4ef",
                "sha256:b024ee43ee6b310fad5acaee23e6485b21468718cb792a9d1693eecacc3f0b7e",
                "sha256:b092754c06852e8a8b022004aff56c24b06310189186805800d09313c37ce1f8",
                "sha256:b1dbeef938281f240347d50f28ae53c4b046a23389cd1fc4acec5ea0eae646a1",
                "sha256:bf819c5b77ff44accc9a24e31f1f7ceaaf6c960816913ed3ef8443b9d20d81b6",
                "sha256:c11f2fca544b5e30a0e813023196a63b1cb9869106ef9a26e9dae28bce3e4e26",
                "sha256:ce269e903b00d1ab4746793e9c50a57eec5d5388681abef074d7b9a65748fca5",
                "sha256:d0cf2651a8804f6325747c7e55e3be0f90ee2848e25d6b817aa2728d263f9abb",
                "sha256:e07e92935040c67f49571779d115ecb3e727016d42fb36ee0d8757db4ca12ee0",
                "sha256:e80d2851109e56420b71f9702ad1646e2f0364528adbf6af85527bc61e49f394",
                "sha256:ed77b97896312bc2deafe137ca2626e8b63808f5bedb944f73665c68093688a7",
                "sha256:f32f47fb22c988c0b35756024b61d156e5c4011cb8004aa53d93b03323c45657",
                "sha256:fdad3122b69cdabdb3da4c2a4107875913ac78dab0117fc73f988ad589c66b66"
            ],
            "version": "==2021.7.1"
        },
        "toml": {
            "hashes": [
                "sha256:806143ae5bfb6a3c6e736a764057db0e6a0e05e338b5630894a5f779cabb4f9b",
                "sha256:b3bda1d108d5dd99f4a20d24d9c348e91c4db7ab1b749200bded2f839ccbe68f"
            ],
            "markers": "python_version >= '2.6' and python_version not in '3.0, 3.1, 3.2, 3.3'",
            "version": "==0.10.2"
        },
        "typed-ast": {
            "hashes": [
                "sha256:01ae5f73431d21eead5015997ab41afa53aa1fbe252f9da060be5dad2c730ace",
                "sha256:067a74454df670dcaa4e59349a2e5c81e567d8d65458d480a5b3dfecec08c5ff",
                "sha256:0fb71b8c643187d7492c1f8352f2c15b4c4af3f6338f21681d3681b3dc31a266",
                "sha256:1b3ead4a96c9101bef08f9f7d1217c096f31667617b58de957f690c92378b528",
                "sha256:2068531575a125b87a41802130fa7e29f26c09a2833fea68d9a40cf33902eba6",
                "sha256:209596a4ec71d990d71d5e0d312ac935d86930e6eecff6ccc7007fe54d703808",
                "sha256:2c726c276d09fc5c414693a2de063f521052d9ea7c240ce553316f70656c84d4",
                "sha256:398e44cd480f4d2b7ee8d98385ca104e35c81525dd98c519acff1b79bdaac363",
                "sha256:52b1eb8c83f178ab787f3a4283f68258525f8d70f778a2f6dd54d3b5e5fb4341",
                "sha256:5feca99c17af94057417d744607b82dd0a664fd5e4ca98061480fd8b14b18d04",
                "sha256:7538e495704e2ccda9b234b82423a4038f324f3a10c43bc088a1636180f11a41",
                "sha256:760ad187b1041a154f0e4d0f6aae3e40fdb51d6de16e5c99aedadd9246450e9e",
                "sha256:777a26c84bea6cd934422ac2e3b78863a37017618b6e5c08f92ef69853e765d3",
                "sha256:95431a26309a21874005845c21118c83991c63ea800dd44843e42a916aec5899",
                "sha256:9ad2c92ec681e02baf81fdfa056fe0d818645efa9af1f1cd5fd6f1bd2bdfd805",
                "sha256:9c6d1a54552b5330bc657b7ef0eae25d00ba7ffe85d9ea8ae6540d2197a3788c",
                "sha256:aee0c1256be6c07bd3e1263ff920c325b59849dc95392a05f258bb9b259cf39c",
                "sha256:af3d4a73793725138d6b334d9d247ce7e5f084d96284ed23f22ee626a7b88e39",
                "sha256:b36b4f3920103a25e1d5d024d155c504080959582b928e91cb608a65c3a49e1a",
                "sha256:b9574c6f03f685070d859e75c7f9eeca02d6933273b5e69572e5ff9d5e3931c3",
                "sha256:bff6ad71c81b3bba8fa35f0f1921fb24ff4476235a6e94a26ada2e54370e6da7",
                "sha256:c190f0899e9f9f8b6b7863debfb739abcb21a5c054f911ca3596d12b8a4c4c7f",
                "sha256:c907f561b1e83e93fad565bac5ba9c22d96a54e7ea0267c708bffe863cbe4075",
                "sha256:cae53c389825d3b46fb37538441f75d6aecc4174f615d048321b716df2757fb0",
                "sha256:dd4a21253f42b8d2b48410cb31fe501d32f8b9fbeb1f55063ad102fe9c425e40",
                "sha256:dde816ca9dac1d9c01dd504ea5967821606f02e510438120091b84e852367428",
                "sha256:f2362f3cb0f3172c42938946dbc5b7843c2a28aec307c49100c8b38764eb6927",
                "sha256:f328adcfebed9f11301eaedfa48e15bdece9b519fb27e6a8c01aa52a17ec31b3",
                "sha256:f8afcf15cc511ada719a88e013cec87c11aff7b91f019295eb4530f96fe5ef2f",
                "sha256:fb1bbeac803adea29cedd70781399c99138358c26d05fcbd23c13016b7f5ec65"
            ],
            "markers": "python_version < '3.8'",
            "version": "==1.4.3"
        },
        "typing-extensions": {
            "hashes": [
                "sha256:0ac0f89795dd19de6b97debb0c6af1c70987fd80a2d62d1958f7e56fcc31b497",
                "sha256:50b6f157849174217d0656f99dc82fe932884fb250826c18350e159ec6cdf342",
                "sha256:779383f6086d90c99ae41cf0ff39aac8a7937a9283ce0a414e5dd782f4c94a84"
            ],
            "markers": "python_version < '3.8'",
            "version": "==3.10.0.0"
        },
        "zipp": {
            "hashes": [
                "sha256:957cfda87797e389580cb8b9e3870841ca991e2125350677b2ca83a0e99390a3",
                "sha256:f5812b1e007e48cff63449a5e9f4e7ebea716b4111f9c4f9a645f91d579bf0c4"
            ],
            "markers": "python_version >= '3.6'",
            "version": "==3.5.0"
        }
    }
}
